
Microsoft Visual Studio Solution File, Format Version 12.00
# Visual Studio Express 2012 for Windows Desktop
Project("{FAE04EC0-301F-11D3-BF4B-00C04F79EFBC}") = "PHPLibSample", "PHPLibSample\PHPLibSample.csproj", "{D3776FDE-3274-4AA7-B8D5-F72C3B59EF66}"
EndProject
Global
	GlobalSection(SolutionConfigurationPlatforms) = preSolution
		Debug|Any CPU = Debug|Any CPU
		Release|Any CPU = Release|Any CPU
	EndGlobalSection
	GlobalSection(ProjectConfigurationPlatforms) = postSolution
		{D3776FDE-3274-4AA7-B8D5-F72C3B59EF66}.Debug|Any CPU.ActiveCfg = Debug|Any CPU
		{D3776FDE-3274-4AA7-B8D5-F72C3B59EF66}.Debug|Any CPU.Build.0 = Debug|Any CPU
		{D3776FDE-3274-4AA7-B8D5-F72C3B59EF66}.Release|Any CPU.ActiveCfg = Release|Any CPU
		{D3776FDE-3274-4AA7-B8D5-F72C3B59EF66}.Release|Any CPU.Build.0 = Release|Any CPU
	EndGlobalSection
	GlobalSection(SolutionProperties) = preSolution
		HideSolutionNode = FALSE
	EndGlobalSection
EndGlobal
